// !$*UTF8*$!
{
	archiveVersion = 1;
	classes = {
	};
	objectVersion = 46;
	objects = {

/* Begin PBXBuildFile section */
		40D7D5A54A0F89F864EFAEB4 /* libPods-AsyncImageFetchSample.a in Frameworks */ = {isa = PBXBuildFile; fileRef = 9BB8F3BF9101E7E433DFE76D /* libPods-AsyncImageFetchSample.a */; };
		7508F6F31CDEEBB300ACA24D /* CollectionViewImageCell.m in Sources */ = {isa = PBXBuildFile; fileRef = 7508F6F21CDEEBB300ACA24D /* CollectionViewImageCell.m */; };
		7508F6F61CDEEBDF00ACA24D /* AsyncImageFetchCollectionViewController.m in Sources */ = {isa = PBXBuildFile; fileRef = 7508F6F51CDEEBDF00ACA24D /* AsyncImageFetchCollectionViewController.m */; };
		75FA7D071CE37ED10099EC3D /* main.m in Sources */ = {isa = PBXBuildFile; fileRef = 75FA7D061CE37ED10099EC3D /* main.m */; };
		75FA7D0A1CE37ED10099EC3D /* AppDelegate.m in Sources */ = {isa = PBXBuildFile; fileRef = 75FA7D091CE37ED10099EC3D /* AppDelegate.m */; };
		75FA7D0D1CE37ED10099EC3D /* ViewController.m in Sources */ = {isa = PBXBuildFile; fileRef = 75FA7D0C1CE37ED10099EC3D /* ViewController.m */; };
		75FA7D101CE37ED10099EC3D /* Main.storyboard in Resources */ = {isa = PBXBuildFile; fileRef = 75FA7D0E1CE37ED10099EC3D /* Main.storyboard */; };
		75FA7D131CE37ED10099EC3D /* sasdsad.xcdatamodeld in Sources */ = {isa = PBXBuildFile; fileRef = 75FA7D111CE37ED10099EC3D /* sasdsad.xcdatamodeld */; };
		75FA7D151CE37ED10099EC3D /* Assets.xcassets in Resources */ = {isa = PBXBuildFile; fileRef = 75FA7D141CE37ED10099EC3D /* Assets.xcassets */; };
		75FA7D181CE37ED10099EC3D /* LaunchScreen.storyboard in Resources */ = {isa = PBXBuildFile; fileRef = 75FA7D161CE37ED10099EC3D /* LaunchScreen.storyboard */; };
		75FA7D231CE37ED10099EC3D /* sasdsadTests.m in Sources */ = {isa = PBXBuildFile; fileRef = 75FA7D221CE37ED10099EC3D /* sasdsadTests.m */; };
		75FE131A1CDDC85C00A000C4 /* main.m in Sources */ = {isa = PBXBuildFile; fileRef = 75FE13191CDDC85C00A000C4 /* main.m */; };
		75FE131D1CDDC85C00A000C4 /* AppDelegate.m in Sources */ = {isa = PBXBuildFile; fileRef = 75FE131C1CDDC85C00A000C4 /* AppDelegate.m */; };
		75FE13201CDDC85C00A000C4 /* ViewController.m in Sources */ = {isa = PBXBuildFile; fileRef = 75FE131F1CDDC85C00A000C4 /* ViewController.m */; };
		75FE13231CDDC85C00A000C4 /* Main.storyboard in Resources */ = {isa = PBXBuildFile; fileRef = 75FE13211CDDC85C00A000C4 /* Main.storyboard */; };
		75FE13261CDDC85C00A000C4 /* AsyncImageFetchSample.xcdatamodeld in Sources */ = {isa = PBXBuildFile; fileRef = 75FE13241CDDC85C00A000C4 /* AsyncImageFetchSample.xcdatamodeld */; };
		75FE13281CDDC85D00A000C4 /* Assets.xcassets in Resources */ = {isa = PBXBuildFile; fileRef = 75FE13271CDDC85D00A000C4 /* Assets.xcassets */; };
		75FE132B1CDDC85D00A000C4 /* LaunchScreen.storyboard in Resources */ = {isa = PBXBuildFile; fileRef = 75FE13291CDDC85D00A000C4 /* LaunchScreen.storyboard */; };
		75FE13361CDDC85D00A000C4 /* AsyncImageFetchSampleTests.m in Sources */ = {isa = PBXBuildFile; fileRef = 75FE13351CDDC85D00A000C4 /* AsyncImageFetchSampleTests.m */; };
		75FE13431CDDCC5700A000C4 /* JSONParser.m in Sources */ = {isa = PBXBuildFile; fileRef = 75FE13421CDDCC5700A000C4 /* JSONParser.m */; };
		75FE134B1CDDE26100A000C4 /* NSString+URLString.m in Sources */ = {isa = PBXBuildFile; fileRef = 75FE134A1CDDE26100A000C4 /* NSString+URLString.m */; };
		75FE13511CDDE48400A000C4 /* Images+CoreDataProperties.m in Sources */ = {isa = PBXBuildFile; fileRef = 75FE134E1CDDE48400A000C4 /* Images+CoreDataProperties.m */; };
		75FE13521CDDE48400A000C4 /* Images.m in Sources */ = {isa = PBXBuildFile; fileRef = 75FE13501CDDE48400A000C4 /* Images.m */; };
		75FE13561CDDE50100A000C4 /* DatabaseHandler.m in Sources */ = {isa = PBXBuildFile; fileRef = 75FE13551CDDE50100A000C4 /* DatabaseHandler.m */; };
		75FE135B1CDDF19900A000C4 /* AsyncImageFectchTableViewController.m in Sources */ = {isa = PBXBuildFile; fileRef = 75FE135A1CDDF19900A000C4 /* AsyncImageFectchTableViewController.m */; };
		75FE13931CDE07B900A000C4 /* TableViewImageCell.m in Sources */ = {isa = PBXBuildFile; fileRef = 75FE13921CDE07B900A000C4 /* TableViewImageCell.m */; };
		75FE13981CDE0A5D00A000C4 /* imagesViewModel.m in Sources */ = {isa = PBXBuildFile; fileRef = 75FE13971CDE0A5D00A000C4 /* imagesViewModel.m */; };
		75FE139B1CDE0E6100A000C4 /* imageDetailsViewController.m in Sources */ = {isa = PBXBuildFile; fileRef = 75FE139A1CDE0E6100A000C4 /* imageDetailsViewController.m */; };
		75FE139D1CDE1AA000A000C4 /* loading_large@3x.png in Resources */ = {isa = PBXBuildFile; fileRef = 75FE139C1CDE1AA000A000C4 /* loading_large@3x.png */; };
/* End PBXBuildFile section */

/* Begin PBXContainerItemProxy section */
		75FA7D1F1CE37ED10099EC3D /* PBXContainerItemProxy */ = {
			isa = PBXContainerItemProxy;
			containerPortal = 75FE130D1CDDC85C00A000C4 /* Project object */;
			proxyType = 1;
			remoteGlobalIDString = 75FA7D021CE37ED10099EC3D;
			remoteInfo = sasdsad;
		};
		75FE13321CDDC85D00A000C4 /* PBXContainerItemProxy */ = {
			isa = PBXContainerItemProxy;
			containerPortal = 75FE130D1CDDC85C00A000C4 /* Project object */;
			proxyType = 1;
			remoteGlobalIDString = 75FE13141CDDC85C00A000C4;
			remoteInfo = AsyncImageFetchSample;
		};
/* End PBXContainerItemProxy section */

/* Begin PBXFileReference section */
		7508F6F11CDEEBB300ACA24D /* CollectionViewImageCell.h */ = {isa = PBXFileReference; fileEncoding = 4; lastKnownFileType = sourcecode.c.h; path = CollectionViewImageCell.h; sourceTree = "<group>"; };
		7508F6F21CDEEBB300ACA24D /* CollectionViewImageCell.m */ = {isa = PBXFileReference; fileEncoding = 4; lastKnownFileType = sourcecode.c.objc; path = CollectionViewImageCell.m; sourceTree = "<group>"; };
		7508F6F41CDEEBDF00ACA24D /* AsyncImageFetchCollectionViewController.h */ = {isa = PBXFileReference; fileEncoding = 4; lastKnownFileType = sourcecode.c.h; path = AsyncImageFetchCollectionViewController.h; sourceTree = "<group>"; };
		7508F6F51CDEEBDF00ACA24D /* AsyncImageFetchCollectionViewController.m */ = {isa = PBXFileReference; fileEncoding = 4; lastKnownFileType = sourcecode.c.objc; path = AsyncImageFetchCollectionViewController.m; sourceTree = "<group>"; };
		75FA7D031CE37ED10099EC3D /* sasdsad.app */ = {isa = PBXFileReference; explicitFileType = wrapper.application; includeInIndex = 0; path = sasdsad.app; sourceTree = BUILT_PRODUCTS_DIR; };
		75FA7D061CE37ED10099EC3D /* main.m */ = {isa = PBXFileReference; lastKnownFileType = sourcecode.c.objc; path = main.m; sourceTree = "<group>"; };
		75FA7D081CE37ED10099EC3D /* AppDelegate.h */ = {isa = PBXFileReference; lastKnownFileType = sourcecode.c.h; path = AppDelegate.h; sourceTree = "<group>"; };
		75FA7D091CE37ED10099EC3D /* AppDelegate.m */ = {isa = PBXFileReference; lastKnownFileType = sourcecode.c.objc; path = AppDelegate.m; sourceTree = "<group>"; };
		75FA7D0B1CE37ED10099EC3D /* ViewController.h */ = {isa = PBXFileReference; lastKnownFileType = sourcecode.c.h; path = ViewController.h; sourceTree = "<group>"; };
		75FA7D0C1CE37ED10099EC3D /* ViewController.m */ = {isa = PBXFileReference; lastKnownFileType = sourcecode.c.objc; path = ViewController.m; sourceTree = "<group>"; };
		75FA7D0F1CE37ED10099EC3D /* Base */ = {isa = PBXFileReference; lastKnownFileType = file.storyboard; name = Base; path = Base.lproj/Main.storyboard; sourceTree = "<group>"; };
		75FA7D121CE37ED10099EC3D /* sasdsad.xcdatamodel */ = {isa = PBXFileReference; lastKnownFileType = wrapper.xcdatamodel; path = sasdsad.xcdatamodel; sourceTree = "<group>"; };
		75FA7D141CE37ED10099EC3D /* Assets.xcassets */ = {isa = PBXFileReference; lastKnownFileType = folder.assetcatalog; path = Assets.xcassets; sourceTree = "<group>"; };
		75FA7D171CE37ED10099EC3D /* Base */ = {isa = PBXFileReference; lastKnownFileType = file.storyboard; name = Base; path = Base.lproj/LaunchScreen.storyboard; sourceTree = "<group>"; };
		75FA7D191CE37ED10099EC3D /* Info.plist */ = {isa = PBXFileReference; lastKnownFileType = text.plist.xml; path = Info.plist; sourceTree = "<group>"; };
		75FA7D1E1CE37ED10099EC3D /* sasdsadTests.xctest */ = {isa = PBXFileReference; explicitFileType = wrapper.cfbundle; includeInIndex = 0; path = sasdsadTests.xctest; sourceTree = BUILT_PRODUCTS_DIR; };
		75FA7D221CE37ED10099EC3D /* sasdsadTests.m */ = {isa = PBXFileReference; lastKnownFileType = sourcecode.c.objc; path = sasdsadTests.m; sourceTree = "<group>"; };
		75FA7D241CE37ED10099EC3D /* Info.plist */ = {isa = PBXFileReference; lastKnownFileType = text.plist.xml; path = Info.plist; sourceTree = "<group>"; };
		75FE13151CDDC85C00A000C4 /* AsyncImageFetchSample.app */ = {isa = PBXFileReference; explicitFileType = wrapper.application; includeInIndex = 0; path = AsyncImageFetchSample.app; sourceTree = BUILT_PRODUCTS_DIR; };
		75FE13191CDDC85C00A000C4 /* main.m */ = {isa = PBXFileReference; lastKnownFileType = sourcecode.c.objc; path = main.m; sourceTree = "<group>"; };
		75FE131B1CDDC85C00A000C4 /* AppDelegate.h */ = {isa = PBXFileReference; lastKnownFileType = sourcecode.c.h; path = AppDelegate.h; sourceTree = "<group>"; };
		75FE131C1CDDC85C00A000C4 /* AppDelegate.m */ = {isa = PBXFileReference; lastKnownFileType = sourcecode.c.objc; path = AppDelegate.m; sourceTree = "<group>"; };
		75FE131E1CDDC85C00A000C4 /* ViewController.h */ = {isa = PBXFileReference; lastKnownFileType = sourcecode.c.h; path = ViewController.h; sourceTree = "<group>"; };
		75FE131F1CDDC85C00A000C4 /* ViewController.m */ = {isa = PBXFileReference; lastKnownFileType = sourcecode.c.objc; path = ViewController.m; sourceTree = "<group>"; };
		75FE13221CDDC85C00A000C4 /* Base */ = {isa = PBXFileReference; lastKnownFileType = file.storyboard; name = Base; path = Base.lproj/Main.storyboard; sourceTree = "<group>"; };
		75FE13251CDDC85C00A000C4 /* AsyncImageFetchSample.xcdatamodel */ = {isa = PBXFileReference; lastKnownFileType = wrapper.xcdatamodel; path = AsyncImageFetchSample.xcdatamodel; sourceTree = "<group>"; };
		75FE13271CDDC85D00A000C4 /* Assets.xcassets */ = {isa = PBXFileReference; lastKnownFileType = folder.assetcatalog; path = Assets.xcassets; sourceTree = "<group>"; };
		75FE132A1CDDC85D00A000C4 /* Base */ = {isa = PBXFileReference; lastKnownFileType = file.storyboard; name = Base; path = Base.lproj/LaunchScreen.storyboard; sourceTree = "<group>"; };
		75FE132C1CDDC85D00A000C4 /* Info.plist */ = {isa = PBXFileReference; lastKnownFileType = text.plist.xml; path = Info.plist; sourceTree = "<group>"; };
		75FE13311CDDC85D00A000C4 /* AsyncImageFetchSampleTests.xctest */ = {isa = PBXFileReference; explicitFileType = wrapper.cfbundle; includeInIndex = 0; path = AsyncImageFetchSampleTests.xctest; sourceTree = BUILT_PRODUCTS_DIR; };
		75FE13351CDDC85D00A000C4 /* AsyncImageFetchSampleTests.m */ = {isa = PBXFileReference; lastKnownFileType = sourcecode.c.objc; path = AsyncImageFetchSampleTests.m; sourceTree = "<group>"; };
		75FE13371CDDC85D00A000C4 /* Info.plist */ = {isa = PBXFileReference; lastKnownFileType = text.plist.xml; path = Info.plist; sourceTree = "<group>"; };
		75FE13411CDDCC5700A000C4 /* JSONParser.h */ = {isa = PBXFileReference; fileEncoding = 4; lastKnownFileType = sourcecode.c.h; path = JSONParser.h; sourceTree = "<group>"; };
		75FE13421CDDCC5700A000C4 /* JSONParser.m */ = {isa = PBXFileReference; fileEncoding = 4; lastKnownFileType = sourcecode.c.objc; path = JSONParser.m; sourceTree = "<group>"; };
		75FE13461CDDD1E700A000C4 /* AppDataModel.h */ = {isa = PBXFileReference; fileEncoding = 4; lastKnownFileType = sourcecode.c.h; path = AppDataModel.h; sourceTree = "<group>"; };
		75FE13471CDDDB9200A000C4 /* AppConstants.h */ = {isa = PBXFileReference; lastKnownFileType = sourcecode.c.h; path = AppConstants.h; sourceTree = "<group>"; };
		75FE13491CDDE26100A000C4 /* NSString+URLString.h */ = {isa = PBXFileReference; fileEncoding = 4; lastKnownFileType = sourcecode.c.h; path = "NSString+URLString.h"; sourceTree = "<group>"; };
		75FE134A1CDDE26100A000C4 /* NSString+URLString.m */ = {isa = PBXFileReference; fileEncoding = 4; lastKnownFileType = sourcecode.c.objc; path = "NSString+URLString.m"; sourceTree = "<group>"; };
		75FE134D1CDDE48400A000C4 /* Images+CoreDataProperties.h */ = {isa = PBXFileReference; fileEncoding = 4; lastKnownFileType = sourcecode.c.h; path = "Images+CoreDataProperties.h"; sourceTree = "<group>"; };
		75FE134E1CDDE48400A000C4 /* Images+CoreDataProperties.m */ = {isa = PBXFileReference; fileEncoding = 4; lastKnownFileType = sourcecode.c.objc; path = "Images+CoreDataProperties.m"; sourceTree = "<group>"; };
		75FE134F1CDDE48400A000C4 /* Images.h */ = {isa = PBXFileReference; fileEncoding = 4; lastKnownFileType = sourcecode.c.h; path = Images.h; sourceTree = "<group>"; };
		75FE13501CDDE48400A000C4 /* Images.m */ = {isa = PBXFileReference; fileEncoding = 4; lastKnownFileType = sourcecode.c.objc; path = Images.m; sourceTree = "<group>"; };
		75FE13541CDDE50100A000C4 /* DatabaseHandler.h */ = {isa = PBXFileReference; fileEncoding = 4; lastKnownFileType = sourcecode.c.h; path = DatabaseHandler.h; sourceTree = "<group>"; };
		75FE13551CDDE50100A000C4 /* DatabaseHandler.m */ = {isa = PBXFileReference; fileEncoding = 4; lastKnownFileType = sourcecode.c.objc; path = DatabaseHandler.m; sourceTree = "<group>"; };
		75FE13571CDDE58200A000C4 /* AsyncImageFetchSample.pch */ = {isa = PBXFileReference; fileEncoding = 4; lastKnownFileType = sourcecode.c.h; path = AsyncImageFetchSample.pch; sourceTree = SOURCE_ROOT; };
		75FE13591CDDF19900A000C4 /* AsyncImageFectchTableViewController.h */ = {isa = PBXFileReference; fileEncoding = 4; lastKnownFileType = sourcecode.c.h; path = AsyncImageFectchTableViewController.h; sourceTree = "<group>"; };
		75FE135A1CDDF19900A000C4 /* AsyncImageFectchTableViewController.m */ = {isa = PBXFileReference; fileEncoding = 4; lastKnownFileType = sourcecode.c.objc; path = AsyncImageFectchTableViewController.m; sourceTree = "<group>"; };
		75FE13911CDE07B900A000C4 /* TableViewImageCell.h */ = {isa = PBXFileReference; fileEncoding = 4; lastKnownFileType = sourcecode.c.h; path = TableViewImageCell.h; sourceTree = "<group>"; };
		75FE13921CDE07B900A000C4 /* TableViewImageCell.m */ = {isa = PBXFileReference; fileEncoding = 4; lastKnownFileType = sourcecode.c.objc; path = TableViewImageCell.m; sourceTree = "<group>"; };
		75FE13961CDE0A5D00A000C4 /* imagesViewModel.h */ = {isa = PBXFileReference; fileEncoding = 4; lastKnownFileType = sourcecode.c.h; path = imagesViewModel.h; sourceTree = "<group>"; };
		75FE13971CDE0A5D00A000C4 /* imagesViewModel.m */ = {isa = PBXFileReference; fileEncoding = 4; lastKnownFileType = sourcecode.c.objc; path = imagesViewModel.m; sourceTree = "<group>"; };
		75FE13991CDE0E6100A000C4 /* imageDetailsViewController.h */ = {isa = PBXFileReference; fileEncoding = 4; lastKnownFileType = sourcecode.c.h; path = imageDetailsViewController.h; sourceTree = "<group>"; };
		75FE139A1CDE0E6100A000C4 /* imageDetailsViewController.m */ = {isa = PBXFileReference; fileEncoding = 4; lastKnownFileType = sourcecode.c.objc; path = imageDetailsViewController.m; sourceTree = "<group>"; };
		75FE139C1CDE1AA000A000C4 /* loading_large@3x.png */ = {isa = PBXFileReference; lastKnownFileType = image.png; path = "loading_large@3x.png"; sourceTree = "<group>"; };
		9A257BB74F783E276CAE82C3 /* Pods-AsyncImageFetchSample.release.xcconfig */ = {isa = PBXFileReference; includeInIndex = 1; lastKnownFileType = text.xcconfig; name = "Pods-AsyncImageFetchSample.release.xcconfig"; path = "Pods/Target Support Files/Pods-AsyncImageFetchSample/Pods-AsyncImageFetchSample.release.xcconfig"; sourceTree = "<group>"; };
		9BB8F3BF9101E7E433DFE76D /* libPods-AsyncImageFetchSample.a */ = {isa = PBXFileReference; explicitFileType = archive.ar; includeInIndex = 0; path = "libPods-AsyncImageFetchSample.a"; sourceTree = BUILT_PRODUCTS_DIR; };
		E3189F50335B52B6ECAE74A1 /* Pods-AsyncImageFetchSample.debug.xcconfig */ = {isa = PBXFileReference; includeInIndex = 1; lastKnownFileType = text.xcconfig; name = "Pods-AsyncImageFetchSample.debug.xcconfig"; path = "Pods/Target Support Files/Pods-AsyncImageFetchSample/Pods-AsyncImageFetchSample.debug.xcconfig"; sourceTree = "<group>"; };
/* End PBXFileReference section */

/* Begin PBXFrameworksBuildPhase section */
		75FA7D001CE37ED10099EC3D /* Frameworks */ = {
			isa = PBXFrameworksBuildPhase;
			buildActionMask = 2147483647;
			files = (
			);
			runOnlyForDeploymentPostprocessing = 0;
		};
		75FA7D1B1CE37ED10099EC3D /* Frameworks */ = {
			isa = PBXFrameworksBuildPhase;
			buildActionMask = 2147483647;
			files = (
			);
			runOnlyForDeploymentPostprocessing = 0;
		};
		75FE13121CDDC85C00A000C4 /* Frameworks */ = {
			isa = PBXFrameworksBuildPhase;
			buildActionMask = 2147483647;
			files = (
				40D7D5A54A0F89F864EFAEB4 /* libPods-AsyncImageFetchSample.a in Frameworks */,
			);
			runOnlyForDeploymentPostprocessing = 0;
		};
		75FE132E1CDDC85D00A000C4 /* Frameworks */ = {
			isa = PBXFrameworksBuildPhase;
			buildActionMask = 2147483647;
			files = (
			);
			runOnlyForDeploymentPostprocessing = 0;
		};
/* End PBXFrameworksBuildPhase section */

/* Begin PBXGroup section */
		18D0674642D7D7F2C0934A58 /* Pods */ = {
			isa = PBXGroup;
			children = (
				E3189F50335B52B6ECAE74A1 /* Pods-AsyncImageFetchSample.debug.xcconfig */,
				9A257BB74F783E276CAE82C3 /* Pods-AsyncImageFetchSample.release.xcconfig */,
			);
			name = Pods;
			sourceTree = "<group>";
		};
		75FA7D041CE37ED10099EC3D /* sasdsad */ = {
			isa = PBXGroup;
			children = (
				75FA7D081CE37ED10099EC3D /* AppDelegate.h */,
				75FA7D091CE37ED10099EC3D /* AppDelegate.m */,
				75FA7D0B1CE37ED10099EC3D /* ViewController.h */,
				75FA7D0C1CE37ED10099EC3D /* ViewController.m */,
				75FA7D0E1CE37ED10099EC3D /* Main.storyboard */,
				75FA7D141CE37ED10099EC3D /* Assets.xcassets */,
				75FA7D161CE37ED10099EC3D /* LaunchScreen.storyboard */,
				75FA7D191CE37ED10099EC3D /* Info.plist */,
				75FA7D111CE37ED10099EC3D /* sasdsad.xcdatamodeld */,
				75FA7D051CE37ED10099EC3D /* Supporting Files */,
			);
			path = sasdsad;
			sourceTree = "<group>";
		};
		75FA7D051CE37ED10099EC3D /* Supporting Files */ = {
			isa = PBXGroup;
			children = (
				75FA7D061CE37ED10099EC3D /* main.m */,
			);
			name = "Supporting Files";
			sourceTree = "<group>";
		};
		75FA7D211CE37ED10099EC3D /* sasdsadTests */ = {
			isa = PBXGroup;
			children = (
				75FA7D221CE37ED10099EC3D /* sasdsadTests.m */,
				75FA7D241CE37ED10099EC3D /* Info.plist */,
			);
			path = sasdsadTests;
			sourceTree = "<group>";
		};
		75FE130C1CDDC85C00A000C4 = {
			isa = PBXGroup;
			children = (
				75FE13171CDDC85C00A000C4 /* AsyncImageFetchSample */,
				75FE13341CDDC85D00A000C4 /* AsyncImageFetchSampleTests */,
				75FA7D041CE37ED10099EC3D /* sasdsad */,
				75FA7D211CE37ED10099EC3D /* sasdsadTests */,
				75FE13161CDDC85C00A000C4 /* Products */,
				18D0674642D7D7F2C0934A58 /* Pods */,
				A418F7F94AA7A10F35423CEC /* Frameworks */,
			);
			sourceTree = "<group>";
		};
		75FE13161CDDC85C00A000C4 /* Products */ = {
			isa = PBXGroup;
			children = (
				75FE13151CDDC85C00A000C4 /* AsyncImageFetchSample.app */,
				75FE13311CDDC85D00A000C4 /* AsyncImageFetchSampleTests.xctest */,
				75FA7D031CE37ED10099EC3D /* sasdsad.app */,
				75FA7D1E1CE37ED10099EC3D /* sasdsadTests.xctest */,
			);
			name = Products;
			sourceTree = "<group>";
		};
		75FE13171CDDC85C00A000C4 /* AsyncImageFetchSample */ = {
			isa = PBXGroup;
			children = (
				75FE13901CDE079B00A000C4 /* Views */,
				75FE13581CDDF15800A000C4 /* ViewControllers */,
				75FE13481CDDE21100A000C4 /* Categories */,
				75FE13441CDDD1B300A000C4 /* Model */,
				75FE13401CDDCACD00A000C4 /* NetworkHandler */,
				75FE131B1CDDC85C00A000C4 /* AppDelegate.h */,
				75FE131C1CDDC85C00A000C4 /* AppDelegate.m */,
				75FE13471CDDDB9200A000C4 /* AppConstants.h */,
				75FE13211CDDC85C00A000C4 /* Main.storyboard */,
				75FE139C1CDE1AA000A000C4 /* loading_large@3x.png */,
				75FE13271CDDC85D00A000C4 /* Assets.xcassets */,
				75FE13291CDDC85D00A000C4 /* LaunchScreen.storyboard */,
				75FE132C1CDDC85D00A000C4 /* Info.plist */,
				75FE13571CDDE58200A000C4 /* AsyncImageFetchSample.pch */,
				75FE13241CDDC85C00A000C4 /* AsyncImageFetchSample.xcdatamodeld */,
				75FE13181CDDC85C00A000C4 /* Supporting Files */,
			);
			path = AsyncImageFetchSample;
			sourceTree = "<group>";
		};
		75FE13181CDDC85C00A000C4 /* Supporting Files */ = {
			isa = PBXGroup;
			children = (
				75FE13191CDDC85C00A000C4 /* main.m */,
			);
			name = "Supporting Files";
			sourceTree = "<group>";
		};
		75FE13341CDDC85D00A000C4 /* AsyncImageFetchSampleTests */ = {
			isa = PBXGroup;
			children = (
				75FE13351CDDC85D00A000C4 /* AsyncImageFetchSampleTests.m */,
				75FE13371CDDC85D00A000C4 /* Info.plist */,
			);
			path = AsyncImageFetchSampleTests;
			sourceTree = "<group>";
		};
		75FE13401CDDCACD00A000C4 /* NetworkHandler */ = {
			isa = PBXGroup;
			children = (
				75FE13411CDDCC5700A000C4 /* JSONParser.h */,
				75FE13421CDDCC5700A000C4 /* JSONParser.m */,
			);
			name = NetworkHandler;
			sourceTree = "<group>";
		};
		75FE13441CDDD1B300A000C4 /* Model */ = {
			isa = PBXGroup;
			children = (
				75FE13951CDE0A4E00A000C4 /* ViewModels */,
				75FE13531CDDE4BF00A000C4 /* CoreDataHandler */,
				75FE134C1CDDE43500A000C4 /* ImageManagedObjectClasses */,
				75FE13451CDDD1C400A000C4 /* AppDataModel */,
			);
			name = Model;
			sourceTree = "<group>";
		};
		75FE13451CDDD1C400A000C4 /* AppDataModel */ = {
			isa = PBXGroup;
			children = (
				75FE13461CDDD1E700A000C4 /* AppDataModel.h */,
			);
			name = AppDataModel;
			sourceTree = "<group>";
		};
		75FE13481CDDE21100A000C4 /* Categories */ = {
			isa = PBXGroup;
			children = (
				75FE13491CDDE26100A000C4 /* NSString+URLString.h */,
				75FE134A1CDDE26100A000C4 /* NSString+URLString.m */,
			);
			name = Categories;
			path = ..;
			sourceTree = "<group>";
		};
		75FE134C1CDDE43500A000C4 /* ImageManagedObjectClasses */ = {
			isa = PBXGroup;
			children = (
				75FE134D1CDDE48400A000C4 /* Images+CoreDataProperties.h */,
				75FE134E1CDDE48400A000C4 /* Images+CoreDataProperties.m */,
				75FE134F1CDDE48400A000C4 /* Images.h */,
				75FE13501CDDE48400A000C4 /* Images.m */,
			);
			name = ImageManagedObjectClasses;
			sourceTree = "<group>";
		};
		75FE13531CDDE4BF00A000C4 /* CoreDataHandler */ = {
			isa = PBXGroup;
			children = (
				75FE13541CDDE50100A000C4 /* DatabaseHandler.h */,
				75FE13551CDDE50100A000C4 /* DatabaseHandler.m */,
			);
			name = CoreDataHandler;
			sourceTree = "<group>";
		};
		75FE13581CDDF15800A000C4 /* ViewControllers */ = {
			isa = PBXGroup;
			children = (
				75FE131E1CDDC85C00A000C4 /* ViewController.h */,
				75FE131F1CDDC85C00A000C4 /* ViewController.m */,
				75FE13591CDDF19900A000C4 /* AsyncImageFectchTableViewController.h */,
				75FE135A1CDDF19900A000C4 /* AsyncImageFectchTableViewController.m */,
				75FE13991CDE0E6100A000C4 /* imageDetailsViewController.h */,
				75FE139A1CDE0E6100A000C4 /* imageDetailsViewController.m */,
				7508F6F41CDEEBDF00ACA24D /* AsyncImageFetchCollectionViewController.h */,
				7508F6F51CDEEBDF00ACA24D /* AsyncImageFetchCollectionViewController.m */,
			);
			name = ViewControllers;
			sourceTree = "<group>";
		};
		75FE13901CDE079B00A000C4 /* Views */ = {
			isa = PBXGroup;
			children = (
				75FE13911CDE07B900A000C4 /* TableViewImageCell.h */,
				75FE13921CDE07B900A000C4 /* TableViewImageCell.m */,
				7508F6F11CDEEBB300ACA24D /* CollectionViewImageCell.h */,
				7508F6F21CDEEBB300ACA24D /* CollectionViewImageCell.m */,
			);
			name = Views;
			sourceTree = "<group>";
		};
		75FE13951CDE0A4E00A000C4 /* ViewModels */ = {
			isa = PBXGroup;
			children = (
				75FE13961CDE0A5D00A000C4 /* imagesViewModel.h */,
				75FE13971CDE0A5D00A000C4 /* imagesViewModel.m */,
			);
			name = ViewModels;
			sourceTree = "<group>";
		};
		A418F7F94AA7A10F35423CEC /* Frameworks */ = {
			isa = PBXGroup;
			children = (
				9BB8F3BF9101E7E433DFE76D /* libPods-AsyncImageFetchSample.a */,
			);
			name = Frameworks;
			sourceTree = "<group>";
		};
/* End PBXGroup section */

/* Begin PBXNativeTarget section */
		75FA7D021CE37ED10099EC3D /* sasdsad */ = {
			isa = PBXNativeTarget;
			buildConfigurationList = 75FA7D291CE37ED10099EC3D /* Build configuration list for PBXNativeTarget "sasdsad" */;
			buildPhases = (
				75FA7CFF1CE37ED10099EC3D /* Sources */,
				75FA7D001CE37ED10099EC3D /* Frameworks */,
				75FA7D011CE37ED10099EC3D /* Resources */,
			);
			buildRules = (
			);
			dependencies = (
			);
			name = sasdsad;
			productName = sasdsad;
			productReference = 75FA7D031CE37ED10099EC3D /* sasdsad.app */;
			productType = "com.apple.product-type.application";
		};
		75FA7D1D1CE37ED10099EC3D /* sasdsadTests */ = {
			isa = PBXNativeTarget;
			buildConfigurationList = 75FA7D2A1CE37ED10099EC3D /* Build configuration list for PBXNativeTarget "sasdsadTests" */;
			buildPhases = (
				75FA7D1A1CE37ED10099EC3D /* Sources */,
				75FA7D1B1CE37ED10099EC3D /* Frameworks */,
				75FA7D1C1CE37ED10099EC3D /* Resources */,
			);
			buildRules = (
			);
			dependencies = (
				75FA7D201CE37ED10099EC3D /* PBXTargetDependency */,
			);
			name = sasdsadTests;
			productName = sasdsadTests;
			productReference = 75FA7D1E1CE37ED10099EC3D /* sasdsadTests.xctest */;
			productType = "com.apple.product-type.bundle.unit-test";
		};
		75FE13141CDDC85C00A000C4 /* AsyncImageFetchSample */ = {
			isa = PBXNativeTarget;
			buildConfigurationList = 75FE133A1CDDC85D00A000C4 /* Build configuration list for PBXNativeTarget "AsyncImageFetchSample" */;
			buildPhases = (
				4CF5CA66188E09D2C17A6F93 /* Check Pods Manifest.lock */,
				75FE13111CDDC85C00A000C4 /* Sources */,
				75FE13121CDDC85C00A000C4 /* Frameworks */,
				75FE13131CDDC85C00A000C4 /* Resources */,
				C16A5F50706A3C26C94DE23A /* Embed Pods Frameworks */,
				F74CDBAB621D1509E8C85E44 /* Copy Pods Resources */,
			);
			buildRules = (
			);
			dependencies = (
			);
			name = AsyncImageFetchSample;
			productName = AsyncImageFetchSample;
			productReference = 75FE13151CDDC85C00A000C4 /* AsyncImageFetchSample.app */;
			productType = "com.apple.product-type.application";
		};
		75FE13301CDDC85D00A000C4 /* AsyncImageFetchSampleTests */ = {
			isa = PBXNativeTarget;
			buildConfigurationList = 75FE133D1CDDC85D00A000C4 /* Build configuration list for PBXNativeTarget "AsyncImageFetchSampleTests" */;
			buildPhases = (
				75FE132D1CDDC85D00A000C4 /* Sources */,
				75FE132E1CDDC85D00A000C4 /* Frameworks */,
				75FE132F1CDDC85D00A000C4 /* Resources */,
			);
			buildRules = (
			);
			dependencies = (
				75FE13331CDDC85D00A000C4 /* PBXTargetDependency */,
			);
			name = AsyncImageFetchSampleTests;
			productName = AsyncImageFetchSampleTests;
			productReference = 75FE13311CDDC85D00A000C4 /* AsyncImageFetchSampleTests.xctest */;
			productType = "com.apple.product-type.bundle.unit-test";
		};
/* End PBXNativeTarget section */

/* Begin PBXProject section */
		75FE130D1CDDC85C00A000C4 /* Project object */ = {
			isa = PBXProject;
			attributes = {
				LastUpgradeCheck = 0720;
				ORGANIZATIONNAME = MyCompany;
				TargetAttributes = {
					75FA7D021CE37ED10099EC3D = {
						CreatedOnToolsVersion = 7.2;
					};
					75FA7D1D1CE37ED10099EC3D = {
						CreatedOnToolsVersion = 7.2;
						TestTargetID = 75FA7D021CE37ED10099EC3D;
					};
					75FE13141CDDC85C00A000C4 = {
						CreatedOnToolsVersion = 7.2;
					};
					75FE13301CDDC85D00A000C4 = {
						CreatedOnToolsVersion = 7.2;
						TestTargetID = 75FE13141CDDC85C00A000C4;
					};
				};
			};
			buildConfigurationList = 75FE13101CDDC85C00A000C4 /* Build configuration list for PBXProject "AsyncImageFetchSample" */;
			compatibilityVersion = "Xcode 3.2";
			developmentRegion = English;
			hasScannedForEncodings = 0;
			knownRegions = (
				en,
				Base,
			);
			mainGroup = 75FE130C1CDDC85C00A000C4;
			productRefGroup = 75FE13161CDDC85C00A000C4 /* Products */;
			projectDirPath = "";
			projectRoot = "";
			targets = (
				75FE13141CDDC85C00A000C4 /* AsyncImageFetchSample */,
				75FE13301CDDC85D00A000C4 /* AsyncImageFetchSampleTests */,
				75FA7D021CE37ED10099EC3D /* sasdsad */,
				75FA7D1D1CE37ED10099EC3D /* sasdsadTests */,
			);
		};
/* End PBXProject section */

/* Begin PBXResourcesBuildPhase section */
		75FA7D011CE37ED10099EC3D /* Resources */ = {
			isa = PBXResourcesBuildPhase;
			buildActionMask = 2147483647;
			files = (
				75FA7D181CE37ED10099EC3D /* LaunchScreen.storyboard in Resources */,
				75FA7D151CE37ED10099EC3D /* Assets.xcassets in Resources */,
				75FA7D101CE37ED10099EC3D /* Main.storyboard in Resources */,
			);
			runOnlyForDeploymentPostprocessing = 0;
		};
		75FA7D1C1CE37ED10099EC3D /* Resources */ = {
			isa = PBXResourcesBuildPhase;
			buildActionMask = 2147483647;
			files = (
			);
			runOnlyForDeploymentPostprocessing = 0;
		};
		75FE13131CDDC85C00A000C4 /* Resources */ = {
			isa = PBXResourcesBuildPhase;
			buildActionMask = 2147483647;
			files = (
				75FE132B1CDDC85D00A000C4 /* LaunchScreen.storyboard in Resources */,
				75FE13281CDDC85D00A000C4 /* Assets.xcassets in Resources */,
				75FE139D1CDE1AA000A000C4 /* loading_large@3x.png in Resources */,
				75FE13231CDDC85C00A000C4 /* Main.storyboard in Resources */,
			);
			runOnlyForDeploymentPostprocessing = 0;
		};
		75FE132F1CDDC85D00A000C4 /* Resources */ = {
			isa = PBXResourcesBuildPhase;
			buildActionMask = 2147483647;
			files = (
			);
			runOnlyForDeploymentPostprocessing = 0;
		};
/* End PBXResourcesBuildPhase section */

/* Begin PBXShellScriptBuildPhase section */
		4CF5CA66188E09D2C17A6F93 /* Check Pods Manifest.lock */ = {
			isa = PBXShellScriptBuildPhase;
			buildActionMask = 2147483647;
			files = (
			);
			inputPaths = (
			);
			name = "Check Pods Manifest.lock";
			outputPaths = (
			);
			runOnlyForDeploymentPostprocessing = 0;
			shellPath = /bin/sh;
			shellScript = "diff \"${PODS_ROOT}/../Podfile.lock\" \"${PODS_ROOT}/Manifest.lock\" > /dev/null\nif [[ $? != 0 ]] ; then\n    cat << EOM\nerror: The sandbox is not in sync with the Podfile.lock. Run 'pod install' or update your CocoaPods installation.\nEOM\n    exit 1\nfi\n";
			showEnvVarsInLog = 0;
		};
		C16A5F50706A3C26C94DE23A /* Embed Pods Frameworks */ = {
			isa = PBXShellScriptBuildPhase;
			buildActionMask = 2147483647;
			files = (
			);
			inputPaths = (
			);
			name = "Embed Pods Frameworks";
			outputPaths = (
			);
			runOnlyForDeploymentPostprocessing = 0;
			shellPath = /bin/sh;
			shellScript = "\"${SRCROOT}/Pods/Target Support Files/Pods-AsyncImageFetchSample/Pods-AsyncImageFetchSample-frameworks.sh\"\n";
			showEnvVarsInLog = 0;
		};
		F74CDBAB621D1509E8C85E44 /* Copy Pods Resources */ = {
			isa = PBXShellScriptBuildPhase;
			buildActionMask = 2147483647;
			files = (
			);
			inputPaths = (
			);
			name = "Copy Pods Resources";
			outputPaths = (
			);
			runOnlyForDeploymentPostprocessing = 0;
			shellPath = /bin/sh;
			shellScript = "\"${SRCROOT}/Pods/Target Support Files/Pods-AsyncImageFetchSample/Pods-AsyncImageFetchSample-resources.sh\"\n";
			showEnvVarsInLog = 0;
		};
/* End PBXShellScriptBuildPhase section */

/* Begin PBXSourcesBuildPhase section */
		75FA7CFF1CE37ED10099EC3D /* Sources */ = {
			isa = PBXSourcesBuildPhase;
			buildActionMask = 2147483647;
			files = (
				75FA7D0D1CE37ED10099EC3D /* ViewController.m in Sources */,
				75FA7D0A1CE37ED10099EC3D /* AppDelegate.m in Sources */,
				75FA7D071CE37ED10099EC3D /* main.m in Sources */,
				75FA7D131CE37ED10099EC3D /* sasdsad.xcdatamodeld in Sources */,
			);
			runOnlyForDeploymentPostprocessing = 0;
		};
		75FA7D1A1CE37ED10099EC3D /* Sources */ = {
			isa = PBXSourcesBuildPhase;
			buildActionMask = 2147483647;
			files = (
				75FA7D231CE37ED10099EC3D /* sasdsadTests.m in Sources */,
			);
			runOnlyForDeploymentPostprocessing = 0;
		};
		75FE13111CDDC85C00A000C4 /* Sources */ = {
			isa = PBXSourcesBuildPhase;
			buildActionMask = 2147483647;
			files = (
				7508F6F31CDEEBB300ACA24D /* CollectionViewImageCell.m in Sources */,
				75FE13201CDDC85C00A000C4 /* ViewController.m in Sources */,
				75FE135B1CDDF19900A000C4 /* AsyncImageFectchTableViewController.m in Sources */,
				75FE139B1CDE0E6100A000C4 /* imageDetailsViewController.m in Sources */,
				75FE13521CDDE48400A000C4 /* Images.m in Sources */,
				7508F6F61CDEEBDF00ACA24D /* AsyncImageFetchCollectionViewController.m in Sources */,
				75FE131D1CDDC85C00A000C4 /* AppDelegate.m in Sources */,
				75FE131A1CDDC85C00A000C4 /* main.m in Sources */,
				75FE13431CDDCC5700A000C4 /* JSONParser.m in Sources */,
				75FE13561CDDE50100A000C4 /* DatabaseHandler.m in Sources */,
				75FE13931CDE07B900A000C4 /* TableViewImageCell.m in Sources */,
				75FE134B1CDDE26100A000C4 /* NSString+URLString.m in Sources */,
				75FE13511CDDE48400A000C4 /* Images+CoreDataProperties.m in Sources */,
				75FE13981CDE0A5D00A000C4 /* imagesViewModel.m in Sources */,
				75FE13261CDDC85C00A000C4 /* AsyncImageFetchSample.xcdatamodeld in Sources */,
			);
			runOnlyForDeploymentPostprocessing = 0;
		};
		75FE132D1CDDC85D00A000C4 /* Sources */ = {
			isa = PBXSourcesBuildPhase;
			buildActionMask = 2147483647;
			files = (
				75FE13361CDDC85D00A000C4 /* AsyncImageFetchSampleTests.m in Sources */,
			);
			runOnlyForDeploymentPostprocessing = 0;
		};
/* End PBXSourcesBuildPhase section */

/* Begin PBXTargetDependency section */
		75FA7D201CE37ED10099EC3D /* PBXTargetDependency */ = {
			isa = PBXTargetDependency;
			target = 75FA7D021CE37ED10099EC3D /* sasdsad */;
			targetProxy = 75FA7D1F1CE37ED10099EC3D /* PBXContainerItemProxy */;
		};
		75FE13331CDDC85D00A000C4 /* PBXTargetDependency */ = {
			isa = PBXTargetDependency;
			target = 75FE13141CDDC85C00A000C4 /* AsyncImageFetchSample */;
			targetProxy = 75FE13321CDDC85D00A000C4 /* PBXContainerItemProxy */;
		};
/* End PBXTargetDependency section */

/* Begin PBXVariantGroup section */
		75FA7D0E1CE37ED10099EC3D /* Main.storyboard */ = {
			isa = PBXVariantGroup;
			children = (
				75FA7D0F1CE37ED10099EC3D /* Base */,
			);
			name = Main.storyboard;
			sourceTree = "<group>";
		};
		75FA7D161CE37ED10099EC3D /* LaunchScreen.storyboard */ = {
			isa = PBXVariantGroup;
			children = (
				75FA7D171CE37ED10099EC3D /* Base */,
			);
			name = LaunchScreen.storyboard;
			sourceTree = "<group>";
		};
		75FE13211CDDC85C00A000C4 /* Main.storyboard */ = {
			isa = PBXVariantGroup;
			children = (
				75FE13221CDDC85C00A000C4 /* Base */,
			);
			name = Main.storyboard;
			sourceTree = "<group>";
		};
		75FE13291CDDC85D00A000C4 /* LaunchScreen.storyboard */ = {
			isa = PBXVariantGroup;
			children = (
				75FE132A1CDDC85D00A000C4 /* Base */,
			);
			name = LaunchScreen.storyboard;
			sourceTree = "<group>";
		};
/* End PBXVariantGroup section */

/* Begin XCBuildConfiguration section */
		75FA7D251CE37ED10099EC3D /* Debug */ = {
			isa = XCBuildConfiguration;
			buildSettings = {
				ASSETCATALOG_COMPILER_APPICON_NAME = AppIcon;
				INFOPLIST_FILE = sasdsad/Info.plist;
				LD_RUNPATH_SEARCH_PATHS = "$(inherited) @executable_path/Frameworks";
				PRODUCT_BUNDLE_IDENTIFIER = com.MyCompany.sasdsad;
				PRODUCT_NAME = "$(TARGET_NAME)";
			};
			name = Debug;
		};
		75FA7D261CE37ED10099EC3D /* Release */ = {
			isa = XCBuildConfiguration;
			buildSettings = {
				ASSETCATALOG_COMPILER_APPICON_NAME = AppIcon;
				INFOPLIST_FILE = sasdsad/Info.plist;
				LD_RUNPATH_SEARCH_PATHS = "$(inherited) @executable_path/Frameworks";
				PRODUCT_BUNDLE_IDENTIFIER = com.MyCompany.sasdsad;
				PRODUCT_NAME = "$(TARGET_NAME)";
			};
			name = Release;
		};
		75FA7D271CE37ED10099EC3D /* Debug */ = {
			isa = XCBuildConfiguration;
			buildSettings = {
				BUNDLE_LOADER = "$(TEST_HOST)";
				INFOPLIST_FILE = sasdsadTests/Info.plist;
				LD_RUNPATH_SEARCH_PATHS = "$(inherited) @executable_path/Frameworks @loader_path/Frameworks";
				PRODUCT_BUNDLE_IDENTIFIER = com.MyCompany.sasdsadTests;
				PRODUCT_NAME = "$(TARGET_NAME)";
				TEST_HOST = "$(BUILT_PRODUCTS_DIR)/sasdsad.app/sasdsad";
			};
			name = Debug;
		};
		75FA7D281CE37ED10099EC3D /* Release */ = {
			isa = XCBuildConfiguration;
			buildSettings = {
				BUNDLE_LOADER = "$(TEST_HOST)";
				INFOPLIST_FILE = sasdsadTests/Info.plist;
				LD_RUNPATH_SEARCH_PATHS = "$(inherited) @executable_path/Frameworks @loader_path/Frameworks";
				PRODUCT_BUNDLE_IDENTIFIER = com.MyCompany.sasdsadTests;
				PRODUCT_NAME = "$(TARGET_NAME)";
				TEST_HOST = "$(BUILT_PRODUCTS_DIR)/sasdsad.app/sasdsad";
			};
			name = Release;
		};
		75FE13381CDDC85D00A000C4 /* Debug */ = {
			isa = XCBuildConfiguration;
			buildSettings = {
				ALWAYS_SEARCH_USER_PATHS = NO;
				CLANG_CXX_LANGUAGE_STANDARD = "gnu++0x";
				CLANG_CXX_LIBRARY = "libc++";
				CLANG_ENABLE_MODULES = YES;
				CLANG_ENABLE_OBJC_ARC = YES;
				CLANG_WARN_BOOL_CONVERSION = YES;
				CLANG_WARN_CONSTANT_CONVERSION = YES;
				CLANG_WARN_DIRECT_OBJC_ISA_USAGE = YES_ERROR;
				CLANG_WARN_EMPTY_BODY = YES;
				CLANG_WARN_ENUM_CONVERSION = YES;
				CLANG_WARN_INT_CONVERSION = YES;
				CLANG_WARN_OBJC_ROOT_CLASS = YES_ERROR;
				CLANG_WARN_UNREACHABLE_CODE = YES;
				CLANG_WARN__DUPLICATE_METHOD_MATCH = YES;
				"CODE_SIGN_IDENTITY[sdk=iphoneos*]" = "iPhone Developer";
				COPY_PHASE_STRIP = NO;
				DEBUG_INFORMATION_FORMAT = dwarf;
				ENABLE_STRICT_OBJC_MSGSEND = YES;
				ENABLE_TESTABILITY = YES;
				GCC_C_LANGUAGE_STANDARD = gnu99;
				GCC_DYNAMIC_NO_PIC = NO;
				GCC_NO_COMMON_BLOCKS = YES;
				GCC_OPTIMIZATION_LEVEL = 0;
				GCC_PREPROCESSOR_DEFINITIONS = (
					"DEBUG=1",
					"$(inherited)",
				);
				GCC_WARN_64_TO_32_BIT_CONVERSION = YES;
				GCC_WARN_ABOUT_RETURN_TYPE = YES_ERROR;
				GCC_WARN_UNDECLARED_SELECTOR = YES;
				GCC_WARN_UNINITIALIZED_AUTOS = YES_AGGRESSIVE;
				GCC_WARN_UNUSED_FUNCTION = YES;
				GCC_WARN_UNUSED_VARIABLE = YES;
				IPHONEOS_DEPLOYMENT_TARGET = 9.2;
				MTL_ENABLE_DEBUG_INFO = YES;
				ONLY_ACTIVE_ARCH = YES;
				SDKROOT = iphoneos;
			};
			name = Debug;
		};
		75FE13391CDDC85D00A000C4 /* Release */ = {
			isa = XCBuildConfiguration;
			buildSettings = {
				ALWAYS_SEARCH_USER_PATHS = NO;
				CLANG_CXX_LANGUAGE_STANDARD = "gnu++0x";
				CLANG_CXX_LIBRARY = "libc++";
				CLANG_ENABLE_MODULES = YES;
				CLANG_ENABLE_OBJC_ARC = YES;
				CLANG_WARN_BOOL_CONVERSION = YES;
				CLANG_WARN_CONSTANT_CONVERSION = YES;
				CLANG_WARN_DIRECT_OBJC_ISA_USAGE = YES_ERROR;
				CLANG_WARN_EMPTY_BODY = YES;
				CLANG_WARN_ENUM_CONVERSION = YES;
				CLANG_WARN_INT_CONVERSION = YES;
				CLANG_WARN_OBJC_ROOT_CLASS = YES_ERROR;
				CLANG_WARN_UNREACHABLE_CODE = YES;
				CLANG_WARN__DUPLICATE_METHOD_MATCH = YES;
				"CODE_SIGN_IDENTITY[sdk=iphoneos*]" = "iPhone Developer";
				COPY_PHASE_STRIP = NO;
				DEBUG_INFORMATION_FORMAT = "dwarf-with-dsym";
				ENABLE_NS_ASSERTIONS = NO;
				ENABLE_STRICT_OBJC_MSGSEND = YES;
				GCC_C_LANGUAGE_STANDARD = gnu99;
				GCC_NO_COMMON_BLOCKS = YES;
				GCC_WARN_64_TO_32_BIT_CONVERSION = YES;
				GCC_WARN_ABOUT_RETURN_TYPE = YES_ERROR;
				GCC_WARN_UNDECLARED_SELECTOR = YES;
				GCC_WARN_UNINITIALIZED_AUTOS = YES_AGGRESSIVE;
				GCC_WARN_UNUSED_FUNCTION = YES;
				GCC_WARN_UNUSED_VARIABLE = YES;
				IPHONEOS_DEPLOYMENT_TARGET = 9.2;
				MTL_ENABLE_DEBUG_INFO = NO;
				SDKROOT = iphoneos;
				VALIDATE_PRODUCT = YES;
			};
			name = Release;
		};
		75FE133B1CDDC85D00A000C4 /* Debug */ = {
			isa = XCBuildConfiguration;
			baseConfigurationReference = E3189F50335B52B6ECAE74A1 /* Pods-AsyncImageFetchSample.debug.xcconfig */;
			buildSettings = {
				ASSETCATALOG_COMPILER_APPICON_NAME = AppIcon;
				GCC_PRECOMPILE_PREFIX_HEADER = NO;
				GCC_PREFIX_HEADER = "";
				INFOPLIST_FILE = AsyncImageFetchSample/Info.plist;
				LD_RUNPATH_SEARCH_PATHS = "$(inherited) @executable_path/Frameworks";
				PRODUCT_BUNDLE_IDENTIFIER = com.MyCompany.AsyncImageFetchSample;
				PRODUCT_NAME = "$(TARGET_NAME)";
			};
			name = Debug;
		};
		75FE133C1CDDC85D00A000C4 /* Release */ = {
			isa = XCBuildConfiguration;
			baseConfigurationReference = 9A257BB74F783E276CAE82C3 /* Pods-AsyncImageFetchSample.release.xcconfig */;
			buildSettings = {
				ASSETCATALOG_COMPILER_APPICON_NAME = AppIcon;
				GCC_PRECOMPILE_PREFIX_HEADER = NO;
				GCC_PREFIX_HEADER = "";
				INFOPLIST_FILE = AsyncImageFetchSample/Info.plist;
				LD_RUNPATH_SEARCH_PATHS = "$(inherited) @executable_path/Frameworks";
				PRODUCT_BUNDLE_IDENTIFIER = com.MyCompany.AsyncImageFetchSample;
				PRODUCT_NAME = "$(TARGET_NAME)";
			};
			name = Release;
		};
		75FE133E1CDDC85D00A000C4 /* Debug */ = {
			isa = XCBuildConfiguration;
			buildSettings = {
				BUNDLE_LOADER = "$(TEST_HOST)";
				INFOPLIST_FILE = AsyncImageFetchSampleTests/Info.plist;
				LD_RUNPATH_SEARCH_PATHS = "$(inherited) @executable_path/Frameworks @loader_path/Frameworks";
				PRODUCT_BUNDLE_IDENTIFIER = com.MyCompany.AsyncImageFetchSampleTests;
				PRODUCT_NAME = "$(TARGET_NAME)";
				TEST_HOST = "$(BUILT_PRODUCTS_DIR)/AsyncImageFetchSample.app/AsyncImageFetchSample";
			};
			name = Debug;
		};
		75FE133F1CDDC85D00A000C4 /* Release */ = {
			isa = XCBuildConfiguration;
			buildSettings = {
				BUNDLE_LOADER = "$(TEST_HOST)";
				INFOPLIST_FILE = AsyncImageFetchSampleTests/Info.plist;
				LD_RUNPATH_SEARCH_PATHS = "$(inherited) @executable_path/Frameworks @loader_path/Frameworks";
				PRODUCT_BUNDLE_IDENTIFIER = com.MyCompany.AsyncImageFetchSampleTests;
				PRODUCT_NAME = "$(TARGET_NAME)";
				TEST_HOST = "$(BUILT_PRODUCTS_DIR)/AsyncImageFetchSample.app/AsyncImageFetchSample";
			};
			name = Release;
		};
/* End XCBuildConfiguration section */

/* Begin XCConfigurationList section */
		75FA7D291CE37ED10099EC3D /* Build configuration list for PBXNativeTarget "sasdsad" */ = {
			isa = XCConfigurationList;
			buildConfigurations = (
				75FA7D251CE37ED10099EC3D /* Debug */,
				75FA7D261CE37ED10099EC3D /* Release */,
			);
			defaultConfigurationIsVisible = 0;
		};
		75FA7D2A1CE37ED10099EC3D /* Build configuration list for PBXNativeTarget "sasdsadTests" */ = {
			isa = XCConfigurationList;
			buildConfigurations = (
				75FA7D271CE37ED10099EC3D /* Debug */,
				75FA7D281CE37ED10099EC3D /* Release */,
			);
			defaultConfigurationIsVisible = 0;
		};
		75FE13101CDDC85C00A000C4 /* Build configuration list for PBXProject "AsyncImageFetchSample" */ = {
			isa = XCConfigurationList;
			buildConfigurations = (
				75FE13381CDDC85D00A000C4 /* Debug */,
				75FE13391CDDC85D00A000C4 /* Release */,
			);
			defaultConfigurationIsVisible = 0;
			defaultConfigurationName = Release;
		};
		75FE133A1CDDC85D00A000C4 /* Build configuration list for PBXNativeTarget "AsyncImageFetchSample" */ = {
			isa = XCConfigurationList;
			buildConfigurations = (
				75FE133B1CDDC85D00A000C4 /* Debug */,
				75FE133C1CDDC85D00A000C4 /* Release */,
			);
			defaultConfigurationIsVisible = 0;
			defaultConfigurationName = Release;
		};
		75FE133D1CDDC85D00A000C4 /* Build configuration list for PBXNativeTarget "AsyncImageFetchSampleTests" */ = {
			isa = XCConfigurationList;
			buildConfigurations = (
				75FE133E1CDDC85D00A000C4 /* Debug */,
				75FE133F1CDDC85D00A000C4 /* Release */,
			);
			defaultConfigurationIsVisible = 0;
			defaultConfigurationName = Release;
		};
/* End XCConfigurationList section */

/* Begin XCVersionGroup section */
		75FA7D111CE37ED10099EC3D /* sasdsad.xcdatamodeld */ = {
			isa = XCVersionGroup;
			children = (
				75FA7D121CE37ED10099EC3D /* sasdsad.xcdatamodel */,
			);
			currentVersion = 75FA7D121CE37ED10099EC3D /* sasdsad.xcdatamodel */;
			path = sasdsad.xcdatamodeld;
			sourceTree = "<group>";
			versionGroupType = wrapper.xcdatamodel;
		};
		75FE13241CDDC85C00A000C4 /* AsyncImageFetchSample.xcdatamodeld */ = {
			isa = XCVersionGroup;
			children = (
				75FE13251CDDC85C00A000C4 /* AsyncImageFetchSample.xcdatamodel */,
			);
			currentVersion = 75FE13251CDDC85C00A000C4 /* AsyncImageFetchSample.xcdatamodel */;
			path = AsyncImageFetchSample.xcdatamodeld;
			sourceTree = "<group>";
			versionGroupType = wrapper.xcdatamodel;
		};
/* End XCVersionGroup section */
	};
	rootObject = 75FE130D1CDDC85C00A000C4 /* Project object */;
}
